
Microsoft Visual Studio Solution File, Format Version 12.00
# Visual Studio Version 17
VisualStudioVersion = 17.10.34928.147
MinimumVisualStudioVersion = 10.0.40219.1
Project("{FAE04EC0-301F-11D3-BF4B-00C04F79EFBC}") = "PamadroBlazor", "PamadroBlazor.csproj", "{6011D4CC-BA40-4B45-AA76-75481376779A}"
EndProject
Global
	GlobalSection(SolutionConfigurationPlatforms) = preSolution
		Debug|Any CPU = Debug|Any CPU
		Release|Any CPU = Release|Any CPU
	EndGlobalSection
	GlobalSection(ProjectConfigurationPlatforms) = postSolution
		{6011D4CC-BA40-4B45-AA76-75481376779A}.Debug|Any CPU.ActiveCfg = Debug|Any CPU
		{6011D4CC-BA40-4B45-AA76-75481376779A}.Debug|Any CPU.Build.0 = Debug|Any CPU
		{6011D4CC-BA40-4B45-AA76-75481376779A}.Release|Any CPU.ActiveCfg = Release|Any CPU
		{6011D4CC-BA40-4B45-AA76-75481376779A}.Release|Any CPU.Build.0 = Release|Any CPU
	EndGlobalSection
	GlobalSection(SolutionProperties) = preSolution
		HideSolutionNode = FALSE
	EndGlobalSection
	GlobalSection(ExtensibilityGlobals) = postSolution
		SolutionGuid = {35077739-BFED-4266-A3D1-44629AEDEF1D}
	EndGlobalSection
EndGlobal
